
Microsoft Visual Studio Solution File, Format Version 12.00
# Visual Studio 15
VisualStudioVersion = 15.0.27703.2018
MinimumVisualStudioVersion = 10.0.40219.1
Project("{FAE04EC0-301F-11D3-BF4B-00C04F79EFBC}") = "Mdf2IsoUWP", "Mdf2IsoUWP\Mdf2IsoUWP.csproj", "{A9E3B707-8185-4AA6-A3C6-31B45AB6C5C8}"
EndProject
Global
	GlobalSection(SolutionConfigurationPlatforms) = preSolution
		Debug|ARM = Debug|ARM
		Debug|x64 = Debug|x64
		Debug|x86 = Debug|x86
		Release|ARM = Release|ARM
		Release|x64 = Release|x64
		Release|x86 = Release|x86
	EndGlobalSection
	GlobalSection(ProjectConfigurationPlatforms) = postSolution
		{A9E3B707-8185-4AA6-A3C6-31B45AB6C5C8}.Debug|ARM.ActiveCfg = Debug|ARM
		{A9E3B707-8185-4AA6-A3C6-31B45AB6C5C8}.Debug|ARM.Build.0 = Debug|ARM
		{A9E3B707-8185-4AA6-A3C6-31B45AB6C5C8}.Debug|ARM.Deploy.0 = Debug|ARM
		{A9E3B707-8185-4AA6-A3C6-31B45AB6C5C8}.Debug|x64.ActiveCfg = Debug|x64
		{A9E3B707-8185-4AA6-A3C6-31B45AB6C5C8}.Debug|x64.Build.0 = Debug|x64
		{A9E3B707-8185-4AA6-A3C6-31B45AB6C5C8}.Debug|x64.Deploy.0 = Debug|x64
		{A9E3B707-8185-4AA6-A3C6-31B45AB6C5C8}.Debug|x86.ActiveCfg = Debug|x86
		{A9E3B707-8185-4AA6-A3C6-31B45AB6C5C8}.Debug|x86.Build.0 = Debug|x86
		{A9E3B707-8185-4AA6-A3C6-31B45AB6C5C8}.Debug|x86.Deploy.0 = Debug|x86
		{A9E3B707-8185-4AA6-A3C6-31B45AB6C5C8}.Release|ARM.ActiveCfg = Release|ARM
		{A9E3B707-8185-4AA6-A3C6-31B45AB6C5C8}.Release|ARM.Build.0 = Release|ARM
		{A9E3B707-8185-4AA6-A3C6-31B45AB6C5C8}.Release|ARM.Deploy.0 = Release|ARM
		{A9E3B707-8185-4AA6-A3C6-31B45AB6C5C8}.Release|x64.ActiveCfg = Release|x64
		{A9E3B707-8185-4AA6-A3C6-31B45AB6C5C8}.Release|x64.Build.0 = Release|x64
		{A9E3B707-8185-4AA6-A3C6-31B45AB6C5C8}.Release|x64.Deploy.0 = Release|x64
		{A9E3B707-8185-4AA6-A3C6-31B45AB6C5C8}.Release|x86.ActiveCfg = Release|x86
		{A9E3B707-8185-4AA6-A3C6-31B45AB6C5C8}.Release|x86.Build.0 = Release|x86
		{A9E3B707-8185-4AA6-A3C6-31B45AB6C5C8}.Release|x86.Deploy.0 = Release|x86
	EndGlobalSection
	GlobalSection(SolutionProperties) = preSolution
		HideSolutionNode = FALSE
	EndGlobalSection
	GlobalSection(ExtensibilityGlobals) = postSolution
		SolutionGuid = {7EAD0CDD-0C60-4BB8-BE1E-5435DE0D8F76}
	EndGlobalSection
EndGlobal
